
Microsoft Visual Studio Solution File, Format Version 12.00
# Visual Studio Version 16
VisualStudioVersion = 16.0.30204.135
MinimumVisualStudioVersion = 10.0.40219.1
Project("{9A19103F-16F7-4668-BE54-9A1E7A4F7556}") = "YDownloader", "YDownloader\YDownloader.csproj", "{F22FB64D-64E8-4364-A871-EA7A65F269EB}"
EndProject
Global
	GlobalSection(SolutionConfigurationPlatforms) = preSolution
		Debug|Any CPU = Debug|Any CPU
		Release|Any CPU = Release|Any CPU
	EndGlobalSection
	GlobalSection(ProjectConfigurationPlatforms) = postSolution
		{F22FB64D-64E8-4364-A871-EA7A65F269EB}.Debug|Any CPU.ActiveCfg = Debug|Any CPU
		{F22FB64D-64E8-4364-A871-EA7A65F269EB}.Debug|Any CPU.Build.0 = Debug|Any CPU
		{F22FB64D-64E8-4364-A871-EA7A65F269EB}.Release|Any CPU.ActiveCfg = Release|Any CPU
		{F22FB64D-64E8-4364-A871-EA7A65F269EB}.Release|Any CPU.Build.0 = Release|Any CPU
	EndGlobalSection
	GlobalSection(SolutionProperties) = preSolution
		HideSolutionNode = FALSE
	EndGlobalSection
	GlobalSection(ExtensibilityGlobals) = postSolution
		SolutionGuid = {2058FB49-7251-46B5-A0F7-6347086229D2}
	EndGlobalSection
EndGlobal
